// !$*UTF8*$!
{
	archiveVersion = 1;
	classes = {
	};
	objectVersion = 46;
	objects = {

/* Begin PBXBuildFile section */
		0A2D8914155628EB00315840 /* Trill.mp3 in Resources */ = {isa = PBXBuildFile; fileRef = 0A2D8913155628EB00315840 /* Trill.mp3 */; };
		0A2D891815562B0D00315840 /* AVFoundation.framework in Frameworks */ = {isa = PBXBuildFile; fileRef = 0A2D891715562B0D00315840 /* AVFoundation.framework */; };
		0A472334154BC5AB00287C87 /* UIKit.framework in Frameworks */ = {isa = PBXBuildFile; fileRef = 0A472333154BC5AB00287C87 /* UIKit.framework */; };
		0A472336154BC5AB00287C87 /* Foundation.framework in Frameworks */ = {isa = PBXBuildFile; fileRef = 0A472335154BC5AB00287C87 /* Foundation.framework */; };
		0A472338154BC5AB00287C87 /* CoreGraphics.framework in Frameworks */ = {isa = PBXBuildFile; fileRef = 0A472337154BC5AB00287C87 /* CoreGraphics.framework */; };
		0A47233E154BC5AB00287C87 /* InfoPlist.strings in Resources */ = {isa = PBXBuildFile; fileRef = 0A47233C154BC5AB00287C87 /* InfoPlist.strings */; };
		0A472340154BC5AB00287C87 /* main.m in Sources */ = {isa = PBXBuildFile; fileRef = 0A47233F154BC5AB00287C87 /* main.m */; };
		0A472344154BC5AB00287C87 /* AppDelegate.m in Sources */ = {isa = PBXBuildFile; fileRef = 0A472343154BC5AB00287C87 /* AppDelegate.m */; };
		0A472347154BC5AB00287C87 /* ViewController.m in Sources */ = {isa = PBXBuildFile; fileRef = 0A472346154BC5AB00287C87 /* ViewController.m */; };
		0A47234A154BC5AB00287C87 /* ViewController.xib in Resources */ = {isa = PBXBuildFile; fileRef = 0A472348154BC5AB00287C87 /* ViewController.xib */; };
		0AF5BDA215558F4700B1DE7F /* AudioToolbox.framework in Frameworks */ = {isa = PBXBuildFile; fileRef = 0AF5BDA115558F4700B1DE7F /* AudioToolbox.framework */; };
/* End PBXBuildFile section */

/* Begin PBXFileReference section */
		0A2D8913155628EB00315840 /* Trill.mp3 */ = {isa = PBXFileReference; lastKnownFileType = audio.mp3; path = Trill.mp3; sourceTree = "<group>"; };
		0A2D891715562B0D00315840 /* AVFoundation.framework */ = {isa = PBXFileReference; lastKnownFileType = wrapper.framework; name = AVFoundation.framework; path = System/Library/Frameworks/AVFoundation.framework; sourceTree = SDKROOT; };
		0A47232F154BC5AB00287C87 /* YouYangHelper.app */ = {isa = PBXFileReference; explicitFileType = wrapper.application; includeInIndex = 0; path = YouYangHelper.app; sourceTree = BUILT_PRODUCTS_DIR; };
		0A472333154BC5AB00287C87 /* UIKit.framework */ = {isa = PBXFileReference; lastKnownFileType = wrapper.framework; name = UIKit.framework; path = System/Library/Frameworks/UIKit.framework; sourceTree = SDKROOT; };
		0A472335154BC5AB00287C87 /* Foundation.framework */ = {isa = PBXFileReference; lastKnownFileType = wrapper.framework; name = Foundation.framework; path = System/Library/Frameworks/Foundation.framework; sourceTree = SDKROOT; };
		0A472337154BC5AB00287C87 /* CoreGraphics.framework */ = {isa = PBXFileReference; lastKnownFileType = wrapper.framework; name = CoreGraphics.framework; path = System/Library/Frameworks/CoreGraphics.framework; sourceTree = SDKROOT; };
		0A47233B154BC5AB00287C87 /* YouYangHelper-Info.plist */ = {isa = PBXFileReference; lastKnownFileType = text.plist.xml; path = "YouYangHelper-Info.plist"; sourceTree = "<group>"; };
		0A47233D154BC5AB00287C87 /* en */ = {isa = PBXFileReference; lastKnownFileType = text.plist.strings; name = en; path = en.lproj/InfoPlist.strings; sourceTree = "<group>"; };
		0A47233F154BC5AB00287C87 /* main.m */ = {isa = PBXFileReference; lastKnownFileType = sourcecode.c.objc; path = main.m; sourceTree = "<group>"; };
		0A472341154BC5AB00287C87 /* YouYangHelper-Prefix.pch */ = {isa = PBXFileReference; lastKnownFileType = sourcecode.c.h; path = "YouYangHelper-Prefix.pch"; sourceTree = "<group>"; };
		0A472342154BC5AB00287C87 /* AppDelegate.h */ = {isa = PBXFileReference; lastKnownFileType = sourcecode.c.h; path = AppDelegate.h; sourceTree = "<group>"; };
		0A472343154BC5AB00287C87 /* AppDelegate.m */ = {isa = PBXFileReference; lastKnownFileType = sourcecode.c.objc; path = AppDelegate.m; sourceTree = "<group>"; };
		0A472345154BC5AB00287C87 /* ViewController.h */ = {isa = PBXFileReference; lastKnownFileType = sourcecode.c.h; path = ViewController.h; sourceTree = "<group>"; };
		0A472346154BC5AB00287C87 /* ViewController.m */ = {isa = PBXFileReference; lastKnownFileType = sourcecode.c.objc; path = ViewController.m; sourceTree = "<group>"; };
		0A472349154BC5AB00287C87 /* en */ = {isa = PBXFileReference; lastKnownFileType = file.xib; name = en; path = en.lproj/ViewController.xib; sourceTree = "<group>"; };
		0AF5BDA115558F4700B1DE7F /* AudioToolbox.framework */ = {isa = PBXFileReference; lastKnownFileType = wrapper.framework; name = AudioToolbox.framework; path = System/Library/Frameworks/AudioToolbox.framework; sourceTree = SDKROOT; };
/* End PBXFileReference section */

/* Begin PBXFrameworksBuildPhase section */
		0A47232C154BC5AB00287C87 /* Frameworks */ = {
			isa = PBXFrameworksBuildPhase;
			buildActionMask = 2147483647;
			files = (
				0A2D891815562B0D00315840 /* AVFoundation.framework in Frameworks */,
				0AF5BDA215558F4700B1DE7F /* AudioToolbox.framework in Frameworks */,
				0A472334154BC5AB00287C87 /* UIKit.framework in Frameworks */,
				0A472336154BC5AB00287C87 /* Foundation.framework in Frameworks */,
				0A472338154BC5AB00287C87 /* CoreGraphics.framework in Frameworks */,
			);
			runOnlyForDeploymentPostprocessing = 0;
		};
/* End PBXFrameworksBuildPhase section */

/* Begin PBXGroup section */
		0A472324154BC5AB00287C87 = {
			isa = PBXGroup;
			children = (
				0A472339154BC5AB00287C87 /* YouYangHelper */,
				0A472332154BC5AB00287C87 /* Frameworks */,
				0A472330154BC5AB00287C87 /* Products */,
			);
			sourceTree = "<group>";
		};
		0A472330154BC5AB00287C87 /* Products */ = {
			isa = PBXGroup;
			children = (
				0A47232F154BC5AB00287C87 /* YouYangHelper.app */,
			);
			name = Products;
			sourceTree = "<group>";
		};
		0A472332154BC5AB00287C87 /* Frameworks */ = {
			isa = PBXGroup;
			children = (
				0A2D891715562B0D00315840 /* AVFoundation.framework */,
				0AF5BDA115558F4700B1DE7F /* AudioToolbox.framework */,
				0A472333154BC5AB00287C87 /* UIKit.framework */,
				0A472335154BC5AB00287C87 /* Foundation.framework */,
				0A472337154BC5AB00287C87 /* CoreGraphics.framework */,
			);
			name = Frameworks;
			sourceTree = "<group>";
		};
		0A472339154BC5AB00287C87 /* YouYangHelper */ = {
			isa = PBXGroup;
			children = (
				0A472342154BC5AB00287C87 /* AppDelegate.h */,
				0A472343154BC5AB00287C87 /* AppDelegate.m */,
				0A472345154BC5AB00287C87 /* ViewController.h */,
				0A472346154BC5AB00287C87 /* ViewController.m */,
				0A472348154BC5AB00287C87 /* ViewController.xib */,
				0A47233A154BC5AB00287C87 /* Supporting Files */,
			);
			path = YouYangHelper;
			sourceTree = "<group>";
		};
		0A47233A154BC5AB00287C87 /* Supporting Files */ = {
			isa = PBXGroup;
			children = (
				0A2D8913155628EB00315840 /* Trill.mp3 */,
				0A47233B154BC5AB00287C87 /* YouYangHelper-Info.plist */,
				0A47233C154BC5AB00287C87 /* InfoPlist.strings */,
				0A47233F154BC5AB00287C87 /* main.m */,
				0A472341154BC5AB00287C87 /* YouYangHelper-Prefix.pch */,
			);
			name = "Supporting Files";
			sourceTree = "<group>";
		};
/* End PBXGroup section */

/* Begin PBXNativeTarget section */
		0A47232E154BC5AB00287C87 /* YouYangHelper */ = {
			isa = PBXNativeTarget;
			buildConfigurationList = 0A47234D154BC5AB00287C87 /* Build configuration list for PBXNativeTarget "YouYangHelper" */;
			buildPhases = (
				0A47232B154BC5AB00287C87 /* Sources */,
				0A47232C154BC5AB00287C87 /* Frameworks */,
				0A47232D154BC5AB00287C87 /* Resources */,
			);
			buildRules = (
			);
			dependencies = (
			);
			name = YouYangHelper;
			productName = YouYangHelper;
			productReference = 0A47232F154BC5AB00287C87 /* YouYangHelper.app */;
			productType = "com.apple.product-type.application";
		};
/* End PBXNativeTarget section */

/* Begin PBXProject section */
		0A472326154BC5AB00287C87 /* Project object */ = {
			isa = PBXProject;
			attributes = {
				LastUpgradeCheck = 0430;
			};
			buildConfigurationList = 0A472329154BC5AB00287C87 /* Build configuration list for PBXProject "YouYangHelper" */;
			compatibilityVersion = "Xcode 3.2";
			developmentRegion = English;
			hasScannedForEncodings = 0;
			knownRegions = (
				en,
			);
			mainGroup = 0A472324154BC5AB00287C87;
			productRefGroup = 0A472330154BC5AB00287C87 /* Products */;
			projectDirPath = "";
			projectRoot = "";
			targets = (
				0A47232E154BC5AB00287C87 /* YouYangHelper */,
			);
		};
/* End PBXProject section */

/* Begin PBXResourcesBuildPhase section */
		0A47232D154BC5AB00287C87 /* Resources */ = {
			isa = PBXResourcesBuildPhase;
			buildActionMask = 2147483647;
			files = (
				0A47233E154BC5AB00287C87 /* InfoPlist.strings in Resources */,
				0A47234A154BC5AB00287C87 /* ViewController.xib in Resources */,
				0A2D8914155628EB00315840 /* Trill.mp3 in Resources */,
			);
			runOnlyForDeploymentPostprocessing = 0;
		};
/* End PBXResourcesBuildPhase section */

/* Begin PBXSourcesBuildPhase section */
		0A47232B154BC5AB00287C87 /* Sources */ = {
			isa = PBXSourcesBuildPhase;
			buildActionMask = 2147483647;
			files = (
				0A472340154BC5AB00287C87 /* main.m in Sources */,
				0A472344154BC5AB00287C87 /* AppDelegate.m in Sources */,
				0A472347154BC5AB00287C87 /* ViewController.m in Sources */,
			);
			runOnlyForDeploymentPostprocessing = 0;
		};
/* End PBXSourcesBuildPhase section */

/* Begin PBXVariantGroup section */
		0A47233C154BC5AB00287C87 /* InfoPlist.strings */ = {
			isa = PBXVariantGroup;
			children = (
				0A47233D154BC5AB00287C87 /* en */,
			);
			name = InfoPlist.strings;
			sourceTree = "<group>";
		};
		0A472348154BC5AB00287C87 /* ViewController.xib */ = {
			isa = PBXVariantGroup;
			children = (
				0A472349154BC5AB00287C87 /* en */,
			);
			name = ViewController.xib;
			sourceTree = "<group>";
		};
/* End PBXVariantGroup section */

/* Begin XCBuildConfiguration section */
		0A47234B154BC5AB00287C87 /* Debug */ = {
			isa = XCBuildConfiguration;
			buildSettings = {
				ALWAYS_SEARCH_USER_PATHS = NO;
				ARCHS = "$(ARCHS_STANDARD_32_BIT)";
				"CODE_SIGN_IDENTITY[sdk=iphoneos*]" = "iPhone Developer";
				COPY_PHASE_STRIP = NO;
				GCC_C_LANGUAGE_STANDARD = gnu99;
				GCC_DYNAMIC_NO_PIC = NO;
				GCC_OPTIMIZATION_LEVEL = 0;
				GCC_PREPROCESSOR_DEFINITIONS = (
					"DEBUG=1",
					"$(inherited)",
				);
				GCC_SYMBOLS_PRIVATE_EXTERN = NO;
				GCC_VERSION = com.apple.compilers.llvm.clang.1_0;
				GCC_WARN_ABOUT_MISSING_PROTOTYPES = YES;
				GCC_WARN_ABOUT_RETURN_TYPE = YES;
				GCC_WARN_UNUSED_VARIABLE = YES;
				IPHONEOS_DEPLOYMENT_TARGET = 5.0;
				SDKROOT = iphoneos;
			};
			name = Debug;
		};
		0A47234C154BC5AB00287C87 /* Release */ = {
			isa = XCBuildConfiguration;
			buildSettings = {
				ALWAYS_SEARCH_USER_PATHS = NO;
				ARCHS = "$(ARCHS_STANDARD_32_BIT)";
				"CODE_SIGN_IDENTITY[sdk=iphoneos*]" = "iPhone Developer";
				COPY_PHASE_STRIP = YES;
				GCC_C_LANGUAGE_STANDARD = gnu99;
				GCC_VERSION = com.apple.compilers.llvm.clang.1_0;
				GCC_WARN_ABOUT_MISSING_PROTOTYPES = YES;
				GCC_WARN_ABOUT_RETURN_TYPE = YES;
				GCC_WARN_UNUSED_VARIABLE = YES;
				IPHONEOS_DEPLOYMENT_TARGET = 5.0;
				OTHER_CFLAGS = "-DNS_BLOCK_ASSERTIONS=1";
				SDKROOT = iphoneos;
				VALIDATE_PRODUCT = YES;
			};
			name = Release;
		};
		0A47234E154BC5AB00287C87 /* Debug */ = {
			isa = XCBuildConfiguration;
			buildSettings = {
				GCC_PRECOMPILE_PREFIX_HEADER = YES;
				GCC_PREFIX_HEADER = "YouYangHelper/YouYangHelper-Prefix.pch";
				INFOPLIST_FILE = "YouYangHelper/YouYangHelper-Info.plist";
				PRODUCT_NAME = "$(TARGET_NAME)";
				WRAPPER_EXTENSION = app;
			};
			name = Debug;
		};
		0A47234F154BC5AB00287C87 /* Release */ = {
			isa = XCBuildConfiguration;
			buildSettings = {
				GCC_PRECOMPILE_PREFIX_HEADER = YES;
				GCC_PREFIX_HEADER = "YouYangHelper/YouYangHelper-Prefix.pch";
				INFOPLIST_FILE = "YouYangHelper/YouYangHelper-Info.plist";
				PRODUCT_NAME = "$(TARGET_NAME)";
				WRAPPER_EXTENSION = app;
			};
			name = Release;
		};
/* End XCBuildConfiguration section */

/* Begin XCConfigurationList section */
		0A472329154BC5AB00287C87 /* Build configuration list for PBXProject "YouYangHelper" */ = {
			isa = XCConfigurationList;
			buildConfigurations = (
				0A47234B154BC5AB00287C87 /* Debug */,
				0A47234C154BC5AB00287C87 /* Release */,
			);
			defaultConfigurationIsVisible = 0;
			defaultConfigurationName = Release;
		};
		0A47234D154BC5AB00287C87 /* Build configuration list for PBXNativeTarget "YouYangHelper" */ = {
			isa = XCConfigurationList;
			buildConfigurations = (
				0A47234E154BC5AB00287C87 /* Debug */,
				0A47234F154BC5AB00287C87 /* Release */,
			);
			defaultConfigurationIsVisible = 0;
			defaultConfigurationName = Release;
		};
/* End XCConfigurationList section */
	};
	rootObject = 0A472326154BC5AB00287C87 /* Project object */;
}
